Microsoft Visual Studio Solution File, Format Version 12.00
# Visual Studio Version 16
VisualStudioVersion = 16.0.28803.352
MinimumVisualStudioVersion = 15.0.26124.0
Project("{9A19103F-16F7-4668-BE54-9A1E7A4F7556}") = "Engine", "Engine\Engine.csproj", "{020D13B8-946E-4413-B745-B10F514F6DB1}"
EndProject
Project("{2150E333-8FDC-42A3-9474-1A3956D46DE8}") = "Miscellaneous", "Miscellaneous", "{EF34E46F-4123-4ED4-B962-203502AAD343}"
	ProjectSection(SolutionItems) = preProject
		.generated_cuda_ast = .generated_cuda_ast
		cuda-includes.cpp = cuda-includes.cpp
		cuda-piggy.sh = cuda-piggy.sh
		LICENSE.txt = LICENSE.txt
		llvm-includes.cpp = llvm-includes.cpp
		patterns.xsd = patterns.xsd
		piggy.sh = piggy.sh
		README.md = README.md
	EndProjectSection
EndProject
Project("{9A19103F-16F7-4668-BE54-9A1E7A4F7556}") = "Tool", "Tool\Tool.csproj", "{6323A596-A584-441F-8AE5-1580147628D1}"
EndProject
Project("{9A19103F-16F7-4668-BE54-9A1E7A4F7556}") = "Symtab", "Symtab\Symtab.csproj", "{D30ECC0C-5EB5-4E7A-8616-EAD3229FC0C1}"
EndProject
Project("{9A19103F-16F7-4668-BE54-9A1E7A4F7556}") = "Runtime", "Runtime\Runtime.csproj", "{F225B810-8F81-4131-B613-942B66EB22E5}"
	ProjectSection(ProjectDependencies) = postProject
		{2556D219-BDE2-48FA-87F9-8DF085DAA511} = {2556D219-BDE2-48FA-87F9-8DF085DAA511}
	EndProjectSection
EndProject
Project("{2150E333-8FDC-42A3-9474-1A3956D46DE8}") = "Templates", "Templates", "{0DEBEA44-0D5F-40B6-8F08-A2ED5E36367C}"
	ProjectSection(SolutionItems) = preProject
		Templates\ClangSupport.pig = Templates\ClangSupport.pig
		Templates\cuda.pig = Templates\cuda.pig
		Templates\Enums.pig = Templates\Enums.pig
		Templates\Funcs.pig = Templates\Funcs.pig
		Templates\lep.pig = Templates\lep.pig
		Templates\Namespace.pig = Templates\Namespace.pig
		Templates\Structs.pig = Templates\Structs.pig
		Templates\Typedefs.pig = Templates\Typedefs.pig
	EndProjectSection
EndProject
Project("{9A19103F-16F7-4668-BE54-9A1E7A4F7556}") = "Piggy", "Piggy\Piggy.csproj", "{2D4C7BA7-0EB1-4A6F-8435-DBDF1DD2EA89}"
EndProject
Project("{2150E333-8FDC-42A3-9474-1A3956D46DE8}") = "nuget", "nuget", "{00082383-92DF-4683-B3BF-1E767AE9225B}"
	ProjectSection(SolutionItems) = preProject
		nuget\pack.bat = nuget\pack.bat
		nuget\piggy.nuspec = nuget\piggy.nuspec
	EndProjectSection
EndProject
Project("{9A19103F-16F7-4668-BE54-9A1E7A4F7556}") = "Csharp", "Serializers\Csharp\Csharp.csproj", "{7F6A38F6-3983-4DB4-A888-31689497D3F4}"
EndProject
Project("{9A19103F-16F7-4668-BE54-9A1E7A4F7556}") = "Java", "Serializers\Java\Java.csproj", "{43525AC7-1B28-4332-8F70-4C9F29A0EE35}"
EndProject
Project("{2150E333-8FDC-42A3-9474-1A3956D46DE8}") = "Examples", "Examples", "{DA24F7C0-D74D-49FE-A3F9-8AAD4DFAEE1B}"
	ProjectSection(SolutionItems) = preProject
		Examples\ser.pig = Examples\ser.pig
	EndProjectSection
EndProject
Project("{9A19103F-16F7-4668-BE54-9A1E7A4F7556}") = "Graphs", "Graphs\Graphs.csproj", "{B515325A-00A5-4137-95E4-AC3C9C298ECF}"
EndProject
Project("{9A19103F-16F7-4668-BE54-9A1E7A4F7556}") = "C", "Serializers\C\C.csproj", "{6A69702F-B532-4972-AD70-739E6835F93A}"
EndProject
Project("{2150E333-8FDC-42A3-9474-1A3956D46DE8}") = "Serializers", "Serializers", "{6B2AEE24-23FB-47A3-885F-D3E096C8932D}"
EndProject
Project("{2150E333-8FDC-42A3-9474-1A3956D46DE8}") = "Deserializers", "Deserializers", "{C080BE4A-E0A2-41AE-915D-CA0F43598544}"
EndProject
Project("{2150E333-8FDC-42A3-9474-1A3956D46DE8}") = "Grammars", "Grammars", "{5D101FB0-7A5D-4F07-924D-EC5AFE1127E3}"
EndProject
Project("{9A19103F-16F7-4668-BE54-9A1E7A4F7556}") = "gC", "Grammars\c\gC.csproj", "{A4BBDAA5-659D-40D8-9B68-D2E6342D6835}"
EndProject
Project("{9A19103F-16F7-4668-BE54-9A1E7A4F7556}") = "gcpp", "Grammars\cpp\gcpp.csproj", "{7072268B-0412-4E6E-99E2-7A61DAEEF87E}"
EndProject
Project("{9A19103F-16F7-4668-BE54-9A1E7A4F7556}") = "gCSharp", "Grammars\csharp\gCSharp.csproj", "{2556D219-BDE2-48FA-87F9-8DF085DAA511}"
EndProject
Project("{9A19103F-16F7-4668-BE54-9A1E7A4F7556}") = "gJava", "Grammars\java\gJava.csproj", "{AD365DE2-A832-4AA5-B4BA-71EBC7962D1F}"
EndProject
Project("{9A19103F-16F7-4668-BE54-9A1E7A4F7556}") = "gKotlin", "Grammars\kotlin\gKotlin.csproj", "{73F1996F-9582-45FE-B8A3-501F878A0992}"
EndProject
Project("{9A19103F-16F7-4668-BE54-9A1E7A4F7556}") = "gPython", "Grammars\python3-cs\gPython.csproj", "{3C389A46-9021-4B95-935E-F49C760A03AF}"
EndProject
Project("{9A19103F-16F7-4668-BE54-9A1E7A4F7556}") = "C", "Deserializers\C\C.csproj", "{E5B27C5D-7530-4131-BBE6-49CE619092AC}"
EndProject
Global
	GlobalSection(SolutionConfigurationPlatforms) = preSolution
		Debug|Any CPU = Debug|Any CPU
		Debug|ARM = Debug|ARM
		Debug|ARM64 = Debug|ARM64
		Debug|x64 = Debug|x64
		Debug|x86 = Debug|x86
		Release|Any CPU = Release|Any CPU
		Release|ARM = Release|ARM
		Release|ARM64 = Release|ARM64
		Release|x64 = Release|x64
		Release|x86 = Release|x86
	EndGlobalSection
	GlobalSection(ProjectConfigurationPlatforms) = postSolution
		{020D13B8-946E-4413-B745-B10F514F6DB1}.Debug|Any CPU.ActiveCfg = Debug|Any CPU
		{020D13B8-946E-4413-B745-B10F514F6DB1}.Debug|Any CPU.Build.0 = Debug|Any CPU
		{020D13B8-946E-4413-B745-B10F514F6DB1}.Debug|ARM.ActiveCfg = Debug|Any CPU
		{020D13B8-946E-4413-B745-B10F514F6DB1}.Debug|ARM.Build.0 = Debug|Any CPU
		{020D13B8-946E-4413-B745-B10F514F6DB1}.Debug|ARM64.ActiveCfg = Debug|Any CPU
		{020D13B8-946E-4413-B745-B10F514F6DB1}.Debug|ARM64.Build.0 = Debug|Any CPU
		{020D13B8-946E-4413-B745-B10F514F6DB1}.Debug|x64.ActiveCfg = Debug|Any CPU
		{020D13B8-946E-4413-B745-B10F514F6DB1}.Debug|x64.Build.0 = Debug|Any CPU
		{020D13B8-946E-4413-B745-B10F514F6DB1}.Debug|x86.ActiveCfg = Debug|Any CPU
		{020D13B8-946E-4413-B745-B10F514F6DB1}.Debug|x86.Build.0 = Debug|Any CPU
		{020D13B8-946E-4413-B745-B10F514F6DB1}.Release|Any CPU.ActiveCfg = Release|Any CPU
		{020D13B8-946E-4413-B745-B10F514F6DB1}.Release|Any CPU.Build.0 = Release|Any CPU
		{020D13B8-946E-4413-B745-B10F514F6DB1}.Release|ARM.ActiveCfg = Release|Any CPU
		{020D13B8-946E-4413-B745-B10F514F6DB1}.Release|ARM.Build.0 = Release|Any CPU
		{020D13B8-946E-4413-B745-B10F514F6DB1}.Release|ARM64.ActiveCfg = Release|Any CPU
		{020D13B8-946E-4413-B745-B10F514F6DB1}.Release|ARM64.Build.0 = Release|Any CPU
		{020D13B8-946E-4413-B745-B10F514F6DB1}.Release|x64.ActiveCfg = Release|Any CPU
		{020D13B8-946E-4413-B745-B10F514F6DB1}.Release|x64.Build.0 = Release|Any CPU
		{020D13B8-946E-4413-B745-B10F514F6DB1}.Release|x86.ActiveCfg = Release|Any CPU
		{020D13B8-946E-4413-B745-B10F514F6DB1}.Release|x86.Build.0 = Release|Any CPU
		{6323A596-A584-441F-8AE5-1580147628D1}.Debug|Any CPU.ActiveCfg = Debug|Any CPU
		{6323A596-A584-441F-8AE5-1580147628D1}.Debug|Any CPU.Build.0 = Debug|Any CPU
		{6323A596-A584-441F-8AE5-1580147628D1}.Debug|ARM.ActiveCfg = Debug|Any CPU
		{6323A596-A584-441F-8AE5-1580147628D1}.Debug|ARM.Build.0 = Debug|Any CPU
		{6323A596-A584-441F-8AE5-1580147628D1}.Debug|ARM64.ActiveCfg = Debug|Any CPU
		{6323A596-A584-441F-8AE5-1580147628D1}.Debug|ARM64.Build.0 = Debug|Any CPU
		{6323A596-A584-441F-8AE5-1580147628D1}.Debug|x64.ActiveCfg = Debug|Any CPU
		{6323A596-A584-441F-8AE5-1580147628D1}.Debug|x64.Build.0 = Debug|Any CPU
		{6323A596-A584-441F-8AE5-1580147628D1}.Debug|x86.ActiveCfg = Debug|Any CPU
		{6323A596-A584-441F-8AE5-1580147628D1}.Debug|x86.Build.0 = Debug|Any CPU
		{6323A596-A584-441F-8AE5-1580147628D1}.Release|Any CPU.ActiveCfg = Release|Any CPU
		{6323A596-A584-441F-8AE5-1580147628D1}.Release|Any CPU.Build.0 = Release|Any CPU
		{6323A596-A584-441F-8AE5-1580147628D1}.Release|ARM.ActiveCfg = Release|Any CPU
		{6323A596-A584-441F-8AE5-1580147628D1}.Release|ARM.Build.0 = Release|Any CPU
		{6323A596-A584-441F-8AE5-1580147628D1}.Release|ARM64.ActiveCfg = Release|Any CPU
		{6323A596-A584-441F-8AE5-1580147628D1}.Release|ARM64.Build.0 = Release|Any CPU
		{6323A596-A584-441F-8AE5-1580147628D1}.Release|x64.ActiveCfg = Release|Any CPU
		{6323A596-A584-441F-8AE5-1580147628D1}.Release|x64.Build.0 = Release|Any CPU
		{6323A596-A584-441F-8AE5-1580147628D1}.Release|x86.ActiveCfg = Release|Any CPU
		{6323A596-A584-441F-8AE5-1580147628D1}.Release|x86.Build.0 = Release|Any CPU
		{D30ECC0C-5EB5-4E7A-8616-EAD3229FC0C1}.Debug|Any CPU.ActiveCfg = Debug|Any CPU
		{D30ECC0C-5EB5-4E7A-8616-EAD3229FC0C1}.Debug|Any CPU.Build.0 = Debug|Any CPU
		{D30ECC0C-5EB5-4E7A-8616-EAD3229FC0C1}.Debug|ARM.ActiveCfg = Debug|Any CPU
		{D30ECC0C-5EB5-4E7A-8616-EAD3229FC0C1}.Debug|ARM.Build.0 = Debug|Any CPU
		{D30ECC0C-5EB5-4E7A-8616-EAD3229FC0C1}.Debug|ARM64.ActiveCfg = Debug|Any CPU
		{D30ECC0C-5EB5-4E7A-8616-EAD3229FC0C1}.Debug|ARM64.Build.0 = Debug|Any CPU
		{D30ECC0C-5EB5-4E7A-8616-EAD3229FC0C1}.Debug|x64.ActiveCfg = Debug|Any CPU
		{D30ECC0C-5EB5-4E7A-8616-EAD3229FC0C1}.Debug|x64.Build.0 = Debug|Any CPU
		{D30ECC0C-5EB5-4E7A-8616-EAD3229FC0C1}.Debug|x86.ActiveCfg = Debug|Any CPU
		{D30ECC0C-5EB5-4E7A-8616-EAD3229FC0C1}.Debug|x86.Build.0 = Debug|Any CPU
		{D30ECC0C-5EB5-4E7A-8616-EAD3229FC0C1}.Release|Any CPU.ActiveCfg = Release|Any CPU
		{D30ECC0C-5EB5-4E7A-8616-EAD3229FC0C1}.Release|Any CPU.Build.0 = Release|Any CPU
		{D30ECC0C-5EB5-4E7A-8616-EAD3229FC0C1}.Release|ARM.ActiveCfg = Release|Any CPU
		{D30ECC0C-5EB5-4E7A-8616-EAD3229FC0C1}.Release|ARM.Build.0 = Release|Any CPU
		{D30ECC0C-5EB5-4E7A-8616-EAD3229FC0C1}.Release|ARM64.ActiveCfg = Release|Any CPU
		{D30ECC0C-5EB5-4E7A-8616-EAD3229FC0C1}.Release|ARM64.Build.0 = Release|Any CPU
		{D30ECC0C-5EB5-4E7A-8616-EAD3229FC0C1}.Release|x64.ActiveCfg = Release|Any CPU
		{D30ECC0C-5EB5-4E7A-8616-EAD3229FC0C1}.Release|x64.Build.0 = Release|Any CPU
		{D30ECC0C-5EB5-4E7A-8616-EAD3229FC0C1}.Release|x86.ActiveCfg = Release|Any CPU
		{D30ECC0C-5EB5-4E7A-8616-EAD3229FC0C1}.Release|x86.Build.0 = Release|Any CPU
		{F225B810-8F81-4131-B613-942B66EB22E5}.Debug|Any CPU.ActiveCfg = Debug|Any CPU
		{F225B810-8F81-4131-B613-942B66EB22E5}.Debug|Any CPU.Build.0 = Debug|Any CPU
		{F225B810-8F81-4131-B613-942B66EB22E5}.Debug|ARM.ActiveCfg = Debug|Any CPU
		{F225B810-8F81-4131-B613-942B66EB22E5}.Debug|ARM.Build.0 = Debug|Any CPU
		{F225B810-8F81-4131-B613-942B66EB22E5}.Debug|ARM64.ActiveCfg = Debug|Any CPU
		{F225B810-8F81-4131-B613-942B66EB22E5}.Debug|ARM64.Build.0 = Debug|Any CPU
		{F225B810-8F81-4131-B613-942B66EB22E5}.Debug|x64.ActiveCfg = Debug|Any CPU
		{F225B810-8F81-4131-B613-942B66EB22E5}.Debug|x64.Build.0 = Debug|Any CPU
		{F225B810-8F81-4131-B613-942B66EB22E5}.Debug|x86.ActiveCfg = Debug|Any CPU
		{F225B810-8F81-4131-B613-942B66EB22E5}.Debug|x86.Build.0 = Debug|Any CPU
		{F225B810-8F81-4131-B613-942B66EB22E5}.Release|Any CPU.ActiveCfg = Release|Any CPU
		{F225B810-8F81-4131-B613-942B66EB22E5}.Release|Any CPU.Build.0 = Release|Any CPU
		{F225B810-8F81-4131-B613-942B66EB22E5}.Release|ARM.ActiveCfg = Release|Any CPU
		{F225B810-8F81-4131-B613-942B66EB22E5}.Release|ARM.Build.0 = Release|Any CPU
		{F225B810-8F81-4131-B613-942B66EB22E5}.Release|ARM64.ActiveCfg = Release|Any CPU
		{F225B810-8F81-4131-B613-942B66EB22E5}.Release|ARM64.Build.0 = Release|Any CPU
		{F225B810-8F81-4131-B613-942B66EB22E5}.Release|x64.ActiveCfg = Release|Any CPU
		{F225B810-8F81-4131-B613-942B66EB22E5}.Release|x64.Build.0 = Release|Any CPU
		{F225B810-8F81-4131-B613-942B66EB22E5}.Release|x86.ActiveCfg = Release|Any CPU
		{F225B810-8F81-4131-B613-942B66EB22E5}.Release|x86.Build.0 = Release|Any CPU
		{2D4C7BA7-0EB1-4A6F-8435-DBDF1DD2EA89}.Debug|Any CPU.ActiveCfg = Debug|Any CPU
		{2D4C7BA7-0EB1-4A6F-8435-DBDF1DD2EA89}.Debug|Any CPU.Build.0 = Debug|Any CPU
		{2D4C7BA7-0EB1-4A6F-8435-DBDF1DD2EA89}.Debug|ARM.ActiveCfg = Debug|Any CPU
		{2D4C7BA7-0EB1-4A6F-8435-DBDF1DD2EA89}.Debug|ARM.Build.0 = Debug|Any CPU
		{2D4C7BA7-0EB1-4A6F-8435-DBDF1DD2EA89}.Debug|ARM64.ActiveCfg = Debug|Any CPU
		{2D4C7BA7-0EB1-4A6F-8435-DBDF1DD2EA89}.Debug|ARM64.Build.0 = Debug|Any CPU
		{2D4C7BA7-0EB1-4A6F-8435-DBDF1DD2EA89}.Debug|x64.ActiveCfg = Debug|Any CPU
		{2D4C7BA7-0EB1-4A6F-8435-DBDF1DD2EA89}.Debug|x64.Build.0 = Debug|Any CPU
		{2D4C7BA7-0EB1-4A6F-8435-DBDF1DD2EA89}.Debug|x86.ActiveCfg = Debug|Any CPU
		{2D4C7BA7-0EB1-4A6F-8435-DBDF1DD2EA89}.Debug|x86.Build.0 = Debug|Any CPU
		{2D4C7BA7-0EB1-4A6F-8435-DBDF1DD2EA89}.Release|Any CPU.ActiveCfg = Debug|Any CPU
		{2D4C7BA7-0EB1-4A6F-8435-DBDF1DD2EA89}.Release|Any CPU.Build.0 = Debug|Any CPU
		{2D4C7BA7-0EB1-4A6F-8435-DBDF1DD2EA89}.Release|ARM.ActiveCfg = Release|Any CPU
		{2D4C7BA7-0EB1-4A6F-8435-DBDF1DD2EA89}.Release|ARM.Build.0 = Release|Any CPU
		{2D4C7BA7-0EB1-4A6F-8435-DBDF1DD2EA89}.Release|ARM64.ActiveCfg = Release|Any CPU
		{2D4C7BA7-0EB1-4A6F-8435-DBDF1DD2EA89}.Release|ARM64.Build.0 = Release|Any CPU
		{2D4C7BA7-0EB1-4A6F-8435-DBDF1DD2EA89}.Release|x64.ActiveCfg = Release|Any CPU
		{2D4C7BA7-0EB1-4A6F-8435-DBDF1DD2EA89}.Release|x64.Build.0 = Release|Any CPU
		{2D4C7BA7-0EB1-4A6F-8435-DBDF1DD2EA89}.Release|x86.ActiveCfg = Release|Any CPU
		{2D4C7BA7-0EB1-4A6F-8435-DBDF1DD2EA89}.Release|x86.Build.0 = Release|Any CPU
		{7F6A38F6-3983-4DB4-A888-31689497D3F4}.Debug|Any CPU.ActiveCfg = Debug|Any CPU
		{7F6A38F6-3983-4DB4-A888-31689497D3F4}.Debug|Any CPU.Build.0 = Debug|Any CPU
		{7F6A38F6-3983-4DB4-A888-31689497D3F4}.Debug|ARM.ActiveCfg = Debug|Any CPU
		{7F6A38F6-3983-4DB4-A888-31689497D3F4}.Debug|ARM.Build.0 = Debug|Any CPU
		{7F6A38F6-3983-4DB4-A888-31689497D3F4}.Debug|ARM64.ActiveCfg = Debug|Any CPU
		{7F6A38F6-3983-4DB4-A888-31689497D3F4}.Debug|ARM64.Build.0 = Debug|Any CPU
		{7F6A38F6-3983-4DB4-A888-31689497D3F4}.Debug|x64.ActiveCfg = Debug|Any CPU
		{7F6A38F6-3983-4DB4-A888-31689497D3F4}.Debug|x64.Build.0 = Debug|Any CPU
		{7F6A38F6-3983-4DB4-A888-31689497D3F4}.Debug|x86.ActiveCfg = Debug|Any CPU
		{7F6A38F6-3983-4DB4-A888-31689497D3F4}.Debug|x86.Build.0 = Debug|Any CPU
		{7F6A38F6-3983-4DB4-A888-31689497D3F4}.Release|Any CPU.ActiveCfg = Release|Any CPU
		{7F6A38F6-3983-4DB4-A888-31689497D3F4}.Release|Any CPU.Build.0 = Release|Any CPU
		{7F6A38F6-3983-4DB4-A888-31689497D3F4}.Release|ARM.ActiveCfg = Release|Any CPU
		{7F6A38F6-3983-4DB4-A888-31689497D3F4}.Release|ARM.Build.0 = Release|Any CPU
		{7F6A38F6-3983-4DB4-A888-31689497D3F4}.Release|ARM64.ActiveCfg = Release|Any CPU
		{7F6A38F6-3983-4DB4-A888-31689497D3F4}.Release|ARM64.Build.0 = Release|Any CPU
		{7F6A38F6-3983-4DB4-A888-31689497D3F4}.Release|x64.ActiveCfg = Release|Any CPU
		{7F6A38F6-3983-4DB4-A888-31689497D3F4}.Release|x64.Build.0 = Release|Any CPU
		{7F6A38F6-3983-4DB4-A888-31689497D3F4}.Release|x86.ActiveCfg = Release|Any CPU
		{7F6A38F6-3983-4DB4-A888-31689497D3F4}.Release|x86.Build.0 = Release|Any CPU
		{43525AC7-1B28-4332-8F70-4C9F29A0EE35}.Debug|Any CPU.ActiveCfg = Debug|Any CPU
		{43525AC7-1B28-4332-8F70-4C9F29A0EE35}.Debug|Any CPU.Build.0 = Debug|Any CPU
		{43525AC7-1B28-4332-8F70-4C9F29A0EE35}.Debug|ARM.ActiveCfg = Debug|Any CPU
		{43525AC7-1B28-4332-8F70-4C9F29A0EE35}.Debug|ARM.Build.0 = Debug|Any CPU
		{43525AC7-1B28-4332-8F70-4C9F29A0EE35}.Debug|ARM64.ActiveCfg = Debug|Any CPU
		{43525AC7-1B28-4332-8F70-4C9F29A0EE35}.Debug|ARM64.Build.0 = Debug|Any CPU
		{43525AC7-1B28-4332-8F70-4C9F29A0EE35}.Debug|x64.ActiveCfg = Debug|Any CPU
		{43525AC7-1B28-4332-8F70-4C9F29A0EE35}.Debug|x64.Build.0 = Debug|Any CPU
		{43525AC7-1B28-4332-8F70-4C9F29A0EE35}.Debug|x86.ActiveCfg = Debug|Any CPU
		{43525AC7-1B28-4332-8F70-4C9F29A0EE35}.Debug|x86.Build.0 = Debug|Any CPU
		{43525AC7-1B28-4332-8F70-4C9F29A0EE35}.Release|Any CPU.ActiveCfg = Release|Any CPU
		{43525AC7-1B28-4332-8F70-4C9F29A0EE35}.Release|Any CPU.Build.0 = Release|Any CPU
		{43525AC7-1B28-4332-8F70-4C9F29A0EE35}.Release|ARM.ActiveCfg = Release|Any CPU
		{43525AC7-1B28-4332-8F70-4C9F29A0EE35}.Release|ARM.Build.0 = Release|Any CPU
		{43525AC7-1B28-4332-8F70-4C9F29A0EE35}.Release|ARM64.ActiveCfg = Release|Any CPU
		{43525AC7-1B28-4332-8F70-4C9F29A0EE35}.Release|ARM64.Build.0 = Release|Any CPU
		{43525AC7-1B28-4332-8F70-4C9F29A0EE35}.Release|x64.ActiveCfg = Release|Any CPU
		{43525AC7-1B28-4332-8F70-4C9F29A0EE35}.Release|x64.Build.0 = Release|Any CPU
		{43525AC7-1B28-4332-8F70-4C9F29A0EE35}.Release|x86.ActiveCfg = Release|Any CPU
		{43525AC7-1B28-4332-8F70-4C9F29A0EE35}.Release|x86.Build.0 = Release|Any CPU
		{B515325A-00A5-4137-95E4-AC3C9C298ECF}.Debug|Any CPU.ActiveCfg = Debug|Any CPU
		{B515325A-00A5-4137-95E4-AC3C9C298ECF}.Debug|Any CPU.Build.0 = Debug|Any CPU
		{B515325A-00A5-4137-95E4-AC3C9C298ECF}.Debug|ARM.ActiveCfg = Debug|Any CPU
		{B515325A-00A5-4137-95E4-AC3C9C298ECF}.Debug|ARM.Build.0 = Debug|Any CPU
		{B515325A-00A5-4137-95E4-AC3C9C298ECF}.Debug|ARM64.ActiveCfg = Debug|Any CPU
		{B515325A-00A5-4137-95E4-AC3C9C298ECF}.Debug|ARM64.Build.0 = Debug|Any CPU
		{B515325A-00A5-4137-95E4-AC3C9C298ECF}.Debug|x64.ActiveCfg = Debug|Any CPU
		{B515325A-00A5-4137-95E4-AC3C9C298ECF}.Debug|x64.Build.0 = Debug|Any CPU
		{B515325A-00A5-4137-95E4-AC3C9C298ECF}.Debug|x86.ActiveCfg = Debug|Any CPU
		{B515325A-00A5-4137-95E4-AC3C9C298ECF}.Debug|x86.Build.0 = Debug|Any CPU
		{B515325A-00A5-4137-95E4-AC3C9C298ECF}.Release|Any CPU.ActiveCfg = Release|Any CPU
		{B515325A-00A5-4137-95E4-AC3C9C298ECF}.Release|Any CPU.Build.0 = Release|Any CPU
		{B515325A-00A5-4137-95E4-AC3C9C298ECF}.Release|ARM.ActiveCfg = Release|Any CPU
		{B515325A-00A5-4137-95E4-AC3C9C298ECF}.Release|ARM.Build.0 = Release|Any CPU
		{B515325A-00A5-4137-95E4-AC3C9C298ECF}.Release|ARM64.ActiveCfg = Release|Any CPU
		{B515325A-00A5-4137-95E4-AC3C9C298ECF}.Release|ARM64.Build.0 = Release|Any CPU
		{B515325A-00A5-4137-95E4-AC3C9C298ECF}.Release|x64.ActiveCfg = Release|Any CPU
		{B515325A-00A5-4137-95E4-AC3C9C298ECF}.Release|x64.Build.0 = Release|Any CPU
		{B515325A-00A5-4137-95E4-AC3C9C298ECF}.Release|x86.ActiveCfg = Release|Any CPU
		{B515325A-00A5-4137-95E4-AC3C9C298ECF}.Release|x86.Build.0 = Release|Any CPU
		{6A69702F-B532-4972-AD70-739E6835F93A}.Debug|Any CPU.ActiveCfg = Debug|Any CPU
		{6A69702F-B532-4972-AD70-739E6835F93A}.Debug|Any CPU.Build.0 = Debug|Any CPU
		{6A69702F-B532-4972-AD70-739E6835F93A}.Debug|ARM.ActiveCfg = Debug|Any CPU
		{6A69702F-B532-4972-AD70-739E6835F93A}.Debug|ARM.Build.0 = Debug|Any CPU
		{6A69702F-B532-4972-AD70-739E6835F93A}.Debug|ARM64.ActiveCfg = Debug|Any CPU
		{6A69702F-B532-4972-AD70-739E6835F93A}.Debug|ARM64.Build.0 = Debug|Any CPU
		{6A69702F-B532-4972-AD70-739E6835F93A}.Debug|x64.ActiveCfg = Debug|Any CPU
		{6A69702F-B532-4972-AD70-739E6835F93A}.Debug|x64.Build.0 = Debug|Any CPU
		{6A69702F-B532-4972-AD70-739E6835F93A}.Debug|x86.ActiveCfg = Debug|Any CPU
		{6A69702F-B532-4972-AD70-739E6835F93A}.Debug|x86.Build.0 = Debug|Any CPU
		{6A69702F-B532-4972-AD70-739E6835F93A}.Release|Any CPU.ActiveCfg = Release|Any CPU
		{6A69702F-B532-4972-AD70-739E6835F93A}.Release|Any CPU.Build.0 = Release|Any CPU
		{6A69702F-B532-4972-AD70-739E6835F93A}.Release|ARM.ActiveCfg = Release|Any CPU
		{6A69702F-B532-4972-AD70-739E6835F93A}.Release|ARM.Build.0 = Release|Any CPU
		{6A69702F-B532-4972-AD70-739E6835F93A}.Release|ARM64.ActiveCfg = Release|Any CPU
		{6A69702F-B532-4972-AD70-739E6835F93A}.Release|ARM64.Build.0 = Release|Any CPU
		{6A69702F-B532-4972-AD70-739E6835F93A}.Release|x64.ActiveCfg = Release|Any CPU
		{6A69702F-B532-4972-AD70-739E6835F93A}.Release|x64.Build.0 = Release|Any CPU
		{6A69702F-B532-4972-AD70-739E6835F93A}.Release|x86.ActiveCfg = Release|Any CPU
		{6A69702F-B532-4972-AD70-739E6835F93A}.Release|x86.Build.0 = Release|Any CPU
		{A4BBDAA5-659D-40D8-9B68-D2E6342D6835}.Debug|Any CPU.ActiveCfg = Debug|Any CPU
		{A4BBDAA5-659D-40D8-9B68-D2E6342D6835}.Debug|Any CPU.Build.0 = Debug|Any CPU
		{A4BBDAA5-659D-40D8-9B68-D2E6342D6835}.Debug|ARM.ActiveCfg = Debug|Any CPU
		{A4BBDAA5-659D-40D8-9B68-D2E6342D6835}.Debug|ARM.Build.0 = Debug|Any CPU
		{A4BBDAA5-659D-40D8-9B68-D2E6342D6835}.Debug|ARM64.ActiveCfg = Debug|Any CPU
		{A4BBDAA5-659D-40D8-9B68-D2E6342D6835}.Debug|ARM64.Build.0 = Debug|Any CPU
		{A4BBDAA5-659D-40D8-9B68-D2E6342D6835}.Debug|x64.ActiveCfg = Debug|Any CPU
		{A4BBDAA5-659D-40D8-9B68-D2E6342D6835}.Debug|x64.Build.0 = Debug|Any CPU
		{A4BBDAA5-659D-40D8-9B68-D2E6342D6835}.Debug|x86.ActiveCfg = Debug|Any CPU
		{A4BBDAA5-659D-40D8-9B68-D2E6342D6835}.Debug|x86.Build.0 = Debug|Any CPU
		{A4BBDAA5-659D-40D8-9B68-D2E6342D6835}.Release|Any CPU.ActiveCfg = Release|Any CPU
		{A4BBDAA5-659D-40D8-9B68-D2E6342D6835}.Release|Any CPU.Build.0 = Release|Any CPU
		{A4BBDAA5-659D-40D8-9B68-D2E6342D6835}.Release|ARM.ActiveCfg = Release|Any CPU
		{A4BBDAA5-659D-40D8-9B68-D2E6342D6835}.Release|ARM.Build.0 = Release|Any CPU
		{A4BBDAA5-659D-40D8-9B68-D2E6342D6835}.Release|ARM64.ActiveCfg = Release|Any CPU
		{A4BBDAA5-659D-40D8-9B68-D2E6342D6835}.Release|ARM64.Build.0 = Release|Any CPU
		{A4BBDAA5-659D-40D8-9B68-D2E6342D6835}.Release|x64.ActiveCfg = Release|Any CPU
		{A4BBDAA5-659D-40D8-9B68-D2E6342D6835}.Release|x64.Build.0 = Release|Any CPU
		{A4BBDAA5-659D-40D8-9B68-D2E6342D6835}.Release|x86.ActiveCfg = Release|Any CPU
		{A4BBDAA5-659D-40D8-9B68-D2E6342D6835}.Release|x86.Build.0 = Release|Any CPU
		{7072268B-0412-4E6E-99E2-7A61DAEEF87E}.Debug|Any CPU.ActiveCfg = Debug|Any CPU
		{7072268B-0412-4E6E-99E2-7A61DAEEF87E}.Debug|Any CPU.Build.0 = Debug|Any CPU
		{7072268B-0412-4E6E-99E2-7A61DAEEF87E}.Debug|ARM.ActiveCfg = Debug|Any CPU
		{7072268B-0412-4E6E-99E2-7A61DAEEF87E}.Debug|ARM.Build.0 = Debug|Any CPU
		{7072268B-0412-4E6E-99E2-7A61DAEEF87E}.Debug|ARM64.ActiveCfg = Debug|Any CPU
		{7072268B-0412-4E6E-99E2-7A61DAEEF87E}.Debug|ARM64.Build.0 = Debug|Any CPU
		{7072268B-0412-4E6E-99E2-7A61DAEEF87E}.Debug|x64.ActiveCfg = Debug|Any CPU
		{7072268B-0412-4E6E-99E2-7A61DAEEF87E}.Debug|x64.Build.0 = Debug|Any CPU
		{7072268B-0412-4E6E-99E2-7A61DAEEF87E}.Debug|x86.ActiveCfg = Debug|Any CPU
		{7072268B-0412-4E6E-99E2-7A61DAEEF87E}.Debug|x86.Build.0 = Debug|Any CPU
		{7072268B-0412-4E6E-99E2-7A61DAEEF87E}.Release|Any CPU.ActiveCfg = Release|Any CPU
		{7072268B-0412-4E6E-99E2-7A61DAEEF87E}.Release|Any CPU.Build.0 = Release|Any CPU
		{7072268B-0412-4E6E-99E2-7A61DAEEF87E}.Release|ARM.ActiveCfg = Release|Any CPU
		{7072268B-0412-4E6E-99E2-7A61DAEEF87E}.Release|ARM.Build.0 = Release|Any CPU
		{7072268B-0412-4E6E-99E2-7A61DAEEF87E}.Release|ARM64.ActiveCfg = Release|Any CPU
		{7072268B-0412-4E6E-99E2-7A61DAEEF87E}.Release|ARM64.Build.0 = Release|Any CPU
		{7072268B-0412-4E6E-99E2-7A61DAEEF87E}.Release|x64.ActiveCfg = Release|Any CPU
		{7072268B-0412-4E6E-99E2-7A61DAEEF87E}.Release|x64.Build.0 = Release|Any CPU
		{7072268B-0412-4E6E-99E2-7A61DAEEF87E}.Release|x86.ActiveCfg = Release|Any CPU
		{7072268B-0412-4E6E-99E2-7A61DAEEF87E}.Release|x86.Build.0 = Release|Any CPU
		{2556D219-BDE2-48FA-87F9-8DF085DAA511}.Debug|Any CPU.ActiveCfg = Debug|Any CPU
		{2556D219-BDE2-48FA-87F9-8DF085DAA511}.Debug|Any CPU.Build.0 = Debug|Any CPU
		{2556D219-BDE2-48FA-87F9-8DF085DAA511}.Debug|ARM.ActiveCfg = Debug|Any CPU
		{2556D219-BDE2-48FA-87F9-8DF085DAA511}.Debug|ARM.Build.0 = Debug|Any CPU
		{2556D219-BDE2-48FA-87F9-8DF085DAA511}.Debug|ARM64.ActiveCfg = Debug|Any CPU
		{2556D219-BDE2-48FA-87F9-8DF085DAA511}.Debug|ARM64.Build.0 = Debug|Any CPU
		{2556D219-BDE2-48FA-87F9-8DF085DAA511}.Debug|x64.ActiveCfg = Debug|Any CPU
		{2556D219-BDE2-48FA-87F9-8DF085DAA511}.Debug|x64.Build.0 = Debug|Any CPU
		{2556D219-BDE2-48FA-87F9-8DF085DAA511}.Debug|x86.ActiveCfg = Debug|Any CPU
		{2556D219-BDE2-48FA-87F9-8DF085DAA511}.Debug|x86.Build.0 = Debug|Any CPU
		{2556D219-BDE2-48FA-87F9-8DF085DAA511}.Release|Any CPU.ActiveCfg = Release|Any CPU
		{2556D219-BDE2-48FA-87F9-8DF085DAA511}.Release|Any CPU.Build.0 = Release|Any CPU
		{2556D219-BDE2-48FA-87F9-8DF085DAA511}.Release|ARM.ActiveCfg = Release|Any CPU
		{2556D219-BDE2-48FA-87F9-8DF085DAA511}.Release|ARM.Build.0 = Release|Any CPU
		{2556D219-BDE2-48FA-87F9-8DF085DAA511}.Release|ARM64.ActiveCfg = Release|Any CPU
		{2556D219-BDE2-48FA-87F9-8DF085DAA511}.Release|ARM64.Build.0 = Release|Any CPU
		{2556D219-BDE2-48FA-87F9-8DF085DAA511}.Release|x64.ActiveCfg = Release|Any CPU
		{2556D219-BDE2-48FA-87F9-8DF085DAA511}.Release|x64.Build.0 = Release|Any CPU
		{2556D219-BDE2-48FA-87F9-8DF085DAA511}.Release|x86.ActiveCfg = Release|Any CPU
		{2556D219-BDE2-48FA-87F9-8DF085DAA511}.Release|x86.Build.0 = Release|Any CPU
		{AD365DE2-A832-4AA5-B4BA-71EBC7962D1F}.Debug|Any CPU.ActiveCfg = Debug|Any CPU
		{AD365DE2-A832-4AA5-B4BA-71EBC7962D1F}.Debug|Any CPU.Build.0 = Debug|Any CPU
		{AD365DE2-A832-4AA5-B4BA-71EBC7962D1F}.Debug|ARM.ActiveCfg = Debug|Any CPU
		{AD365DE2-A832-4AA5-B4BA-71EBC7962D1F}.Debug|ARM.Build.0 = Debug|Any CPU
		{AD365DE2-A832-4AA5-B4BA-71EBC7962D1F}.Debug|ARM64.ActiveCfg = Debug|Any CPU
		{AD365DE2-A832-4AA5-B4BA-71EBC7962D1F}.Debug|ARM64.Build.0 = Debug|Any CPU
		{AD365DE2-A832-4AA5-B4BA-71EBC7962D1F}.Debug|x64.ActiveCfg = Debug|Any CPU
		{AD365DE2-A832-4AA5-B4BA-71EBC7962D1F}.Debug|x64.Build.0 = Debug|Any CPU
		{AD365DE2-A832-4AA5-B4BA-71EBC7962D1F}.Debug|x86.ActiveCfg = Debug|Any CPU
		{AD365DE2-A832-4AA5-B4BA-71EBC7962D1F}.Debug|x86.Build.0 = Debug|Any CPU
		{AD365DE2-A832-4AA5-B4BA-71EBC7962D1F}.Release|Any CPU.ActiveCfg = Release|Any CPU
		{AD365DE2-A832-4AA5-B4BA-71EBC7962D1F}.Release|Any CPU.Build.0 = Release|Any CPU
		{AD365DE2-A832-4AA5-B4BA-71EBC7962D1F}.Release|ARM.ActiveCfg = Release|Any CPU
		{AD365DE2-A832-4AA5-B4BA-71EBC7962D1F}.Release|ARM.Build.0 = Release|Any CPU
		{AD365DE2-A832-4AA5-B4BA-71EBC7962D1F}.Release|ARM64.ActiveCfg = Release|Any CPU
		{AD365DE2-A832-4AA5-B4BA-71EBC7962D1F}.Release|ARM64.Build.0 = Release|Any CPU
		{AD365DE2-A832-4AA5-B4BA-71EBC7962D1F}.Release|x64.ActiveCfg = Release|Any CPU
		{AD365DE2-A832-4AA5-B4BA-71EBC7962D1F}.Release|x64.Build.0 = Release|Any CPU
		{AD365DE2-A832-4AA5-B4BA-71EBC7962D1F}.Release|x86.ActiveCfg = Release|Any CPU
		{AD365DE2-A832-4AA5-B4BA-71EBC7962D1F}.Release|x86.Build.0 = Release|Any CPU
		{73F1996F-9582-45FE-B8A3-501F878A0992}.Debug|Any CPU.ActiveCfg = Debug|Any CPU
		{73F1996F-9582-45FE-B8A3-501F878A0992}.Debug|Any CPU.Build.0 = Debug|Any CPU
		{73F1996F-9582-45FE-B8A3-501F878A0992}.Debug|ARM.ActiveCfg = Debug|Any CPU
		{73F1996F-9582-45FE-B8A3-501F878A0992}.Debug|ARM.Build.0 = Debug|Any CPU
		{73F1996F-9582-45FE-B8A3-501F878A0992}.Debug|ARM64.ActiveCfg = Debug|Any CPU
		{73F1996F-9582-45FE-B8A3-501F878A0992}.Debug|ARM64.Build.0 = Debug|Any CPU
		{73F1996F-9582-45FE-B8A3-501F878A0992}.Debug|x64.ActiveCfg = Debug|Any CPU
		{73F1996F-9582-45FE-B8A3-501F878A0992}.Debug|x64.Build.0 = Debug|Any CPU
		{73F1996F-9582-45FE-B8A3-501F878A0992}.Debug|x86.ActiveCfg = Debug|Any CPU
		{73F1996F-9582-45FE-B8A3-501F878A0992}.Debug|x86.Build.0 = Debug|Any CPU
		{73F1996F-9582-45FE-B8A3-501F878A0992}.Release|Any CPU.ActiveCfg = Release|Any CPU
		{73F1996F-9582-45FE-B8A3-501F878A0992}.Release|Any CPU.Build.0 = Release|Any CPU
		{73F1996F-9582-45FE-B8A3-501F878A0992}.Release|ARM.ActiveCfg = Release|Any CPU
		{73F1996F-9582-45FE-B8A3-501F878A0992}.Release|ARM.Build.0 = Release|Any CPU
		{73F1996F-9582-45FE-B8A3-501F878A0992}.Release|ARM64.ActiveCfg = Release|Any CPU
		{73F1996F-9582-45FE-B8A3-501F878A0992}.Release|ARM64.Build.0 = Release|Any CPU
		{73F1996F-9582-45FE-B8A3-501F878A0992}.Release|x64.ActiveCfg = Release|Any CPU
		{73F1996F-9582-45FE-B8A3-501F878A0992}.Release|x64.Build.0 = Release|Any CPU
		{73F1996F-9582-45FE-B8A3-501F878A0992}.Release|x86.ActiveCfg = Release|Any CPU
		{73F1996F-9582-45FE-B8A3-501F878A0992}.Release|x86.Build.0 = Release|Any CPU
		{3C389A46-9021-4B95-935E-F49C760A03AF}.Debug|Any CPU.ActiveCfg = Debug|Any CPU
		{3C389A46-9021-4B95-935E-F49C760A03AF}.Debug|Any CPU.Build.0 = Debug|Any CPU
		{3C389A46-9021-4B95-935E-F49C760A03AF}.Debug|ARM.ActiveCfg = Debug|Any CPU
		{3C389A46-9021-4B95-935E-F49C760A03AF}.Debug|ARM.Build.0 = Debug|Any CPU
		{3C389A46-9021-4B95-935E-F49C760A03AF}.Debug|ARM64.ActiveCfg = Debug|Any CPU
		{3C389A46-9021-4B95-935E-F49C760A03AF}.Debug|ARM64.Build.0 = Debug|Any CPU
		{3C389A46-9021-4B95-935E-F49C760A03AF}.Debug|x64.ActiveCfg = Debug|Any CPU
		{3C389A46-9021-4B95-935E-F49C760A03AF}.Debug|x64.Build.0 = Debug|Any CPU
		{3C389A46-9021-4B95-935E-F49C760A03AF}.Debug|x86.ActiveCfg = Debug|Any CPU
		{3C389A46-9021-4B95-935E-F49C760A03AF}.Debug|x86.Build.0 = Debug|Any CPU
		{3C389A46-9021-4B95-935E-F49C760A03AF}.Release|Any CPU.ActiveCfg = Release|Any CPU
		{3C389A46-9021-4B95-935E-F49C760A03AF}.Release|Any CPU.Build.0 = Release|Any CPU
		{3C389A46-9021-4B95-935E-F49C760A03AF}.Release|ARM.ActiveCfg = Release|Any CPU
		{3C389A46-9021-4B95-935E-F49C760A03AF}.Release|ARM.Build.0 = Release|Any CPU
		{3C389A46-9021-4B95-935E-F49C760A03AF}.Release|ARM64.ActiveCfg = Release|Any CPU
		{3C389A46-9021-4B95-935E-F49C760A03AF}.Release|ARM64.Build.0 = Release|Any CPU
		{3C389A46-9021-4B95-935E-F49C760A03AF}.Release|x64.ActiveCfg = Release|Any CPU
		{3C389A46-9021-4B95-935E-F49C760A03AF}.Release|x64.Build.0 = Release|Any CPU
		{3C389A46-9021-4B95-935E-F49C760A03AF}.Release|x86.ActiveCfg = Release|Any CPU
		{3C389A46-9021-4B95-935E-F49C760A03AF}.Release|x86.Build.0 = Release|Any CPU
		{E5B27C5D-7530-4131-BBE6-49CE619092AC}.Debug|Any CPU.ActiveCfg = Debug|Any CPU
		{E5B27C5D-7530-4131-BBE6-49CE619092AC}.Debug|Any CPU.Build.0 = Debug|Any CPU
		{E5B27C5D-7530-4131-BBE6-49CE619092AC}.Debug|ARM.ActiveCfg = Debug|Any CPU
		{E5B27C5D-7530-4131-BBE6-49CE619092AC}.Debug|ARM.Build.0 = Debug|Any CPU
		{E5B27C5D-7530-4131-BBE6-49CE619092AC}.Debug|ARM64.ActiveCfg = Debug|Any CPU
		{E5B27C5D-7530-4131-BBE6-49CE619092AC}.Debug|ARM64.Build.0 = Debug|Any CPU
		{E5B27C5D-7530-4131-BBE6-49CE619092AC}.Debug|x64.ActiveCfg = Debug|Any CPU
		{E5B27C5D-7530-4131-BBE6-49CE619092AC}.Debug|x64.Build.0 = Debug|Any CPU
		{E5B27C5D-7530-4131-BBE6-49CE619092AC}.Debug|x86.ActiveCfg = Debug|Any CPU
		{E5B27C5D-7530-4131-BBE6-49CE619092AC}.Debug|x86.Build.0 = Debug|Any CPU
		{E5B27C5D-7530-4131-BBE6-49CE619092AC}.Release|Any CPU.ActiveCfg = Release|Any CPU
		{E5B27C5D-7530-4131-BBE6-49CE619092AC}.Release|Any CPU.Build.0 = Release|Any CPU
		{E5B27C5D-7530-4131-BBE6-49CE619092AC}.Release|ARM.ActiveCfg = Release|Any CPU
		{E5B27C5D-7530-4131-BBE6-49CE619092AC}.Release|ARM.Build.0 = Release|Any CPU
		{E5B27C5D-7530-4131-BBE6-49CE619092AC}.Release|ARM64.ActiveCfg = Release|Any CPU
		{E5B27C5D-7530-4131-BBE6-49CE619092AC}.Release|ARM64.Build.0 = Release|Any CPU
		{E5B27C5D-7530-4131-BBE6-49CE619092AC}.Release|x64.ActiveCfg = Release|Any CPU
		{E5B27C5D-7530-4131-BBE6-49CE619092AC}.Release|x64.Build.0 = Release|Any CPU
		{E5B27C5D-7530-4131-BBE6-49CE619092AC}.Release|x86.ActiveCfg = Release|Any CPU
		{E5B27C5D-7530-4131-BBE6-49CE619092AC}.Release|x86.Build.0 = Release|Any CPU
	EndGlobalSection
	GlobalSection(SolutionProperties) = preSolution
		HideSolutionNode = FALSE
	EndGlobalSection
	GlobalSection(NestedProjects) = preSolution
		{7F6A38F6-3983-4DB4-A888-31689497D3F4} = {6B2AEE24-23FB-47A3-885F-D3E096C8932D}
		{43525AC7-1B28-4332-8F70-4C9F29A0EE35} = {6B2AEE24-23FB-47A3-885F-D3E096C8932D}
		{6A69702F-B532-4972-AD70-739E6835F93A} = {6B2AEE24-23FB-47A3-885F-D3E096C8932D}
		{A4BBDAA5-659D-40D8-9B68-D2E6342D6835} = {5D101FB0-7A5D-4F07-924D-EC5AFE1127E3}
		{7072268B-0412-4E6E-99E2-7A61DAEEF87E} = {5D101FB0-7A5D-4F07-924D-EC5AFE1127E3}
		{2556D219-BDE2-48FA-87F9-8DF085DAA511} = {5D101FB0-7A5D-4F07-924D-EC5AFE1127E3}
		{AD365DE2-A832-4AA5-B4BA-71EBC7962D1F} = {5D101FB0-7A5D-4F07-924D-EC5AFE1127E3}
		{73F1996F-9582-45FE-B8A3-501F878A0992} = {5D101FB0-7A5D-4F07-924D-EC5AFE1127E3}
		{3C389A46-9021-4B95-935E-F49C760A03AF} = {5D101FB0-7A5D-4F07-924D-EC5AFE1127E3}
		{E5B27C5D-7530-4131-BBE6-49CE619092AC} = {C080BE4A-E0A2-41AE-915D-CA0F43598544}
	EndGlobalSection
	GlobalSection(ExtensibilityGlobals) = postSolution
		SolutionGuid = {43EE0825-569F-411F-9AAF-C4C4BDB18E32}
	EndGlobalSection
EndGlobal
