Microsoft Visual Studio Solution File, Format Version 12.00
# Visual Studio Version 16
VisualStudioVersion = 16.0.28803.352
MinimumVisualStudioVersion = 15.0.26124.0
Project("{9A19103F-16F7-4668-BE54-9A1E7A4F7556}") = "PiggyGenerator", "PiggyGenerator\PiggyGenerator.csproj", "{020D13B8-946E-4413-B745-B10F514F6DB1}"
	ProjectSection(ProjectDependencies) = postProject
		{10BD2752-C671-4FED-84CE-5D4F951040B5} = {10BD2752-C671-4FED-84CE-5D4F951040B5}
	EndProjectSection
EndProject
Project("{2150E333-8FDC-42A3-9474-1A3956D46DE8}") = "Miscellaneous", "Miscellaneous", "{EF34E46F-4123-4ED4-B962-203502AAD343}"
	ProjectSection(SolutionItems) = preProject
		.generated_cuda_ast = .generated_cuda_ast
		cuda-includes.cpp = cuda-includes.cpp
		cuda-piggy.sh = cuda-piggy.sh
		LICENSE.txt = LICENSE.txt
		llvm-includes.cpp = llvm-includes.cpp
		piggy.sh = piggy.sh
		README.md = README.md
	EndProjectSection
EndProject
Project("{8BC9CEB8-8B4A-11D0-8D11-00A0C91BC942}") = "ClangCode", "ClangCode\ClangCode.vcxproj", "{10BD2752-C671-4FED-84CE-5D4F951040B5}"
EndProject
Project("{9A19103F-16F7-4668-BE54-9A1E7A4F7556}") = "PiggyTool", "PiggyTool\PiggyTool.csproj", "{6323A596-A584-441F-8AE5-1580147628D1}"
EndProject
Project("{9A19103F-16F7-4668-BE54-9A1E7A4F7556}") = "Symtab", "Symtab\Symtab.csproj", "{D30ECC0C-5EB5-4E7A-8616-EAD3229FC0C1}"
EndProject
Project("{9A19103F-16F7-4668-BE54-9A1E7A4F7556}") = "PiggyRuntime", "PiggyRuntime\PiggyRuntime.csproj", "{F225B810-8F81-4131-B613-942B66EB22E5}"
EndProject
Project("{9A19103F-16F7-4668-BE54-9A1E7A4F7556}") = "ClangSerializer", "ClangSerializer\ClangSerializer.csproj", "{96E440B3-4BEE-494F-B016-C16AEF392E99}"
	ProjectSection(ProjectDependencies) = postProject
		{10BD2752-C671-4FED-84CE-5D4F951040B5} = {10BD2752-C671-4FED-84CE-5D4F951040B5}
	EndProjectSection
EndProject
Project("{2150E333-8FDC-42A3-9474-1A3956D46DE8}") = "Templates", "Templates", "{0DEBEA44-0D5F-40B6-8F08-A2ED5E36367C}"
	ProjectSection(SolutionItems) = preProject
		Templates\ClangSupport.pig = Templates\ClangSupport.pig
		Templates\cuda.pig = Templates\cuda.pig
		Templates\Enums.pig = Templates\Enums.pig
		Templates\Funcs.pig = Templates\Funcs.pig
		Templates\lep.pig = Templates\lep.pig
		Templates\Namespace.pig = Templates\Namespace.pig
		Templates\Structs.pig = Templates\Structs.pig
		Templates\Typedefs.pig = Templates\Typedefs.pig
	EndProjectSection
EndProject
Project("{9A19103F-16F7-4668-BE54-9A1E7A4F7556}") = "Piggy", "Piggy\Piggy.csproj", "{2D4C7BA7-0EB1-4A6F-8435-DBDF1DD2EA89}"
EndProject
Project("{2150E333-8FDC-42A3-9474-1A3956D46DE8}") = "nuget", "nuget", "{00082383-92DF-4683-B3BF-1E767AE9225B}"
	ProjectSection(SolutionItems) = preProject
		nuget\pack.bat = nuget\pack.bat
		nuget\piggy.nuspec = nuget\piggy.nuspec
	EndProjectSection
EndProject
Project("{9A19103F-16F7-4668-BE54-9A1E7A4F7556}") = "CSharpSerializer", "CsharpSerializer\CSharpSerializer.csproj", "{7F6A38F6-3983-4DB4-A888-31689497D3F4}"
EndProject
Project("{9A19103F-16F7-4668-BE54-9A1E7A4F7556}") = "JavaSerializer", "JavaSerializer\JavaSerializer.csproj", "{43525AC7-1B28-4332-8F70-4C9F29A0EE35}"
EndProject
Project("{2150E333-8FDC-42A3-9474-1A3956D46DE8}") = "Examples", "Examples", "{DA24F7C0-D74D-49FE-A3F9-8AAD4DFAEE1B}"
	ProjectSection(SolutionItems) = preProject
		Examples\ser.pig = Examples\ser.pig
	EndProjectSection
EndProject
Project("{9A19103F-16F7-4668-BE54-9A1E7A4F7556}") = "Campy.Graphs", "Graphs\Campy.Graphs.csproj", "{B515325A-00A5-4137-95E4-AC3C9C298ECF}"
EndProject
Global
	GlobalSection(SolutionConfigurationPlatforms) = preSolution
		Debug|Any CPU = Debug|Any CPU
		Debug|ARM = Debug|ARM
		Debug|ARM64 = Debug|ARM64
		Debug|x64 = Debug|x64
		Debug|x86 = Debug|x86
		Release|Any CPU = Release|Any CPU
		Release|ARM = Release|ARM
		Release|ARM64 = Release|ARM64
		Release|x64 = Release|x64
		Release|x86 = Release|x86
	EndGlobalSection
	GlobalSection(ProjectConfigurationPlatforms) = postSolution
		{020D13B8-946E-4413-B745-B10F514F6DB1}.Debug|Any CPU.ActiveCfg = Debug|Any CPU
		{020D13B8-946E-4413-B745-B10F514F6DB1}.Debug|Any CPU.Build.0 = Debug|Any CPU
		{020D13B8-946E-4413-B745-B10F514F6DB1}.Debug|ARM.ActiveCfg = Debug|Any CPU
		{020D13B8-946E-4413-B745-B10F514F6DB1}.Debug|ARM.Build.0 = Debug|Any CPU
		{020D13B8-946E-4413-B745-B10F514F6DB1}.Debug|ARM64.ActiveCfg = Debug|Any CPU
		{020D13B8-946E-4413-B745-B10F514F6DB1}.Debug|ARM64.Build.0 = Debug|Any CPU
		{020D13B8-946E-4413-B745-B10F514F6DB1}.Debug|x64.ActiveCfg = Debug|Any CPU
		{020D13B8-946E-4413-B745-B10F514F6DB1}.Debug|x64.Build.0 = Debug|Any CPU
		{020D13B8-946E-4413-B745-B10F514F6DB1}.Debug|x86.ActiveCfg = Debug|Any CPU
		{020D13B8-946E-4413-B745-B10F514F6DB1}.Debug|x86.Build.0 = Debug|Any CPU
		{020D13B8-946E-4413-B745-B10F514F6DB1}.Release|Any CPU.ActiveCfg = Release|Any CPU
		{020D13B8-946E-4413-B745-B10F514F6DB1}.Release|Any CPU.Build.0 = Release|Any CPU
		{020D13B8-946E-4413-B745-B10F514F6DB1}.Release|ARM.ActiveCfg = Release|Any CPU
		{020D13B8-946E-4413-B745-B10F514F6DB1}.Release|ARM.Build.0 = Release|Any CPU
		{020D13B8-946E-4413-B745-B10F514F6DB1}.Release|ARM64.ActiveCfg = Release|Any CPU
		{020D13B8-946E-4413-B745-B10F514F6DB1}.Release|ARM64.Build.0 = Release|Any CPU
		{020D13B8-946E-4413-B745-B10F514F6DB1}.Release|x64.ActiveCfg = Release|Any CPU
		{020D13B8-946E-4413-B745-B10F514F6DB1}.Release|x64.Build.0 = Release|Any CPU
		{020D13B8-946E-4413-B745-B10F514F6DB1}.Release|x86.ActiveCfg = Release|Any CPU
		{020D13B8-946E-4413-B745-B10F514F6DB1}.Release|x86.Build.0 = Release|Any CPU
		{10BD2752-C671-4FED-84CE-5D4F951040B5}.Debug|Any CPU.ActiveCfg = Release|x64
		{10BD2752-C671-4FED-84CE-5D4F951040B5}.Debug|Any CPU.Build.0 = Release|x64
		{10BD2752-C671-4FED-84CE-5D4F951040B5}.Debug|ARM.ActiveCfg = Debug|Win32
		{10BD2752-C671-4FED-84CE-5D4F951040B5}.Debug|ARM64.ActiveCfg = Debug|Win32
		{10BD2752-C671-4FED-84CE-5D4F951040B5}.Debug|x64.ActiveCfg = Debug|x64
		{10BD2752-C671-4FED-84CE-5D4F951040B5}.Debug|x64.Build.0 = Debug|x64
		{10BD2752-C671-4FED-84CE-5D4F951040B5}.Debug|x86.ActiveCfg = Debug|Win32
		{10BD2752-C671-4FED-84CE-5D4F951040B5}.Debug|x86.Build.0 = Debug|Win32
		{10BD2752-C671-4FED-84CE-5D4F951040B5}.Release|Any CPU.ActiveCfg = Release|x64
		{10BD2752-C671-4FED-84CE-5D4F951040B5}.Release|Any CPU.Build.0 = Release|x64
		{10BD2752-C671-4FED-84CE-5D4F951040B5}.Release|ARM.ActiveCfg = Release|Win32
		{10BD2752-C671-4FED-84CE-5D4F951040B5}.Release|ARM64.ActiveCfg = Release|Win32
		{10BD2752-C671-4FED-84CE-5D4F951040B5}.Release|x64.ActiveCfg = Release|x64
		{10BD2752-C671-4FED-84CE-5D4F951040B5}.Release|x64.Build.0 = Release|x64
		{10BD2752-C671-4FED-84CE-5D4F951040B5}.Release|x86.ActiveCfg = Release|Win32
		{10BD2752-C671-4FED-84CE-5D4F951040B5}.Release|x86.Build.0 = Release|Win32
		{6323A596-A584-441F-8AE5-1580147628D1}.Debug|Any CPU.ActiveCfg = Debug|Any CPU
		{6323A596-A584-441F-8AE5-1580147628D1}.Debug|Any CPU.Build.0 = Debug|Any CPU
		{6323A596-A584-441F-8AE5-1580147628D1}.Debug|ARM.ActiveCfg = Debug|Any CPU
		{6323A596-A584-441F-8AE5-1580147628D1}.Debug|ARM.Build.0 = Debug|Any CPU
		{6323A596-A584-441F-8AE5-1580147628D1}.Debug|ARM64.ActiveCfg = Debug|Any CPU
		{6323A596-A584-441F-8AE5-1580147628D1}.Debug|ARM64.Build.0 = Debug|Any CPU
		{6323A596-A584-441F-8AE5-1580147628D1}.Debug|x64.ActiveCfg = Debug|Any CPU
		{6323A596-A584-441F-8AE5-1580147628D1}.Debug|x64.Build.0 = Debug|Any CPU
		{6323A596-A584-441F-8AE5-1580147628D1}.Debug|x86.ActiveCfg = Debug|Any CPU
		{6323A596-A584-441F-8AE5-1580147628D1}.Debug|x86.Build.0 = Debug|Any CPU
		{6323A596-A584-441F-8AE5-1580147628D1}.Release|Any CPU.ActiveCfg = Release|Any CPU
		{6323A596-A584-441F-8AE5-1580147628D1}.Release|Any CPU.Build.0 = Release|Any CPU
		{6323A596-A584-441F-8AE5-1580147628D1}.Release|ARM.ActiveCfg = Release|Any CPU
		{6323A596-A584-441F-8AE5-1580147628D1}.Release|ARM.Build.0 = Release|Any CPU
		{6323A596-A584-441F-8AE5-1580147628D1}.Release|ARM64.ActiveCfg = Release|Any CPU
		{6323A596-A584-441F-8AE5-1580147628D1}.Release|ARM64.Build.0 = Release|Any CPU
		{6323A596-A584-441F-8AE5-1580147628D1}.Release|x64.ActiveCfg = Release|Any CPU
		{6323A596-A584-441F-8AE5-1580147628D1}.Release|x64.Build.0 = Release|Any CPU
		{6323A596-A584-441F-8AE5-1580147628D1}.Release|x86.ActiveCfg = Release|Any CPU
		{6323A596-A584-441F-8AE5-1580147628D1}.Release|x86.Build.0 = Release|Any CPU
		{D30ECC0C-5EB5-4E7A-8616-EAD3229FC0C1}.Debug|Any CPU.ActiveCfg = Debug|Any CPU
		{D30ECC0C-5EB5-4E7A-8616-EAD3229FC0C1}.Debug|Any CPU.Build.0 = Debug|Any CPU
		{D30ECC0C-5EB5-4E7A-8616-EAD3229FC0C1}.Debug|ARM.ActiveCfg = Debug|Any CPU
		{D30ECC0C-5EB5-4E7A-8616-EAD3229FC0C1}.Debug|ARM.Build.0 = Debug|Any CPU
		{D30ECC0C-5EB5-4E7A-8616-EAD3229FC0C1}.Debug|ARM64.ActiveCfg = Debug|Any CPU
		{D30ECC0C-5EB5-4E7A-8616-EAD3229FC0C1}.Debug|ARM64.Build.0 = Debug|Any CPU
		{D30ECC0C-5EB5-4E7A-8616-EAD3229FC0C1}.Debug|x64.ActiveCfg = Debug|Any CPU
		{D30ECC0C-5EB5-4E7A-8616-EAD3229FC0C1}.Debug|x64.Build.0 = Debug|Any CPU
		{D30ECC0C-5EB5-4E7A-8616-EAD3229FC0C1}.Debug|x86.ActiveCfg = Debug|Any CPU
		{D30ECC0C-5EB5-4E7A-8616-EAD3229FC0C1}.Debug|x86.Build.0 = Debug|Any CPU
		{D30ECC0C-5EB5-4E7A-8616-EAD3229FC0C1}.Release|Any CPU.ActiveCfg = Release|Any CPU
		{D30ECC0C-5EB5-4E7A-8616-EAD3229FC0C1}.Release|Any CPU.Build.0 = Release|Any CPU
		{D30ECC0C-5EB5-4E7A-8616-EAD3229FC0C1}.Release|ARM.ActiveCfg = Release|Any CPU
		{D30ECC0C-5EB5-4E7A-8616-EAD3229FC0C1}.Release|ARM.Build.0 = Release|Any CPU
		{D30ECC0C-5EB5-4E7A-8616-EAD3229FC0C1}.Release|ARM64.ActiveCfg = Release|Any CPU
		{D30ECC0C-5EB5-4E7A-8616-EAD3229FC0C1}.Release|ARM64.Build.0 = Release|Any CPU
		{D30ECC0C-5EB5-4E7A-8616-EAD3229FC0C1}.Release|x64.ActiveCfg = Release|Any CPU
		{D30ECC0C-5EB5-4E7A-8616-EAD3229FC0C1}.Release|x64.Build.0 = Release|Any CPU
		{D30ECC0C-5EB5-4E7A-8616-EAD3229FC0C1}.Release|x86.ActiveCfg = Release|Any CPU
		{D30ECC0C-5EB5-4E7A-8616-EAD3229FC0C1}.Release|x86.Build.0 = Release|Any CPU
		{F225B810-8F81-4131-B613-942B66EB22E5}.Debug|Any CPU.ActiveCfg = Debug|Any CPU
		{F225B810-8F81-4131-B613-942B66EB22E5}.Debug|Any CPU.Build.0 = Debug|Any CPU
		{F225B810-8F81-4131-B613-942B66EB22E5}.Debug|ARM.ActiveCfg = Debug|Any CPU
		{F225B810-8F81-4131-B613-942B66EB22E5}.Debug|ARM.Build.0 = Debug|Any CPU
		{F225B810-8F81-4131-B613-942B66EB22E5}.Debug|ARM64.ActiveCfg = Debug|Any CPU
		{F225B810-8F81-4131-B613-942B66EB22E5}.Debug|ARM64.Build.0 = Debug|Any CPU
		{F225B810-8F81-4131-B613-942B66EB22E5}.Debug|x64.ActiveCfg = Debug|Any CPU
		{F225B810-8F81-4131-B613-942B66EB22E5}.Debug|x64.Build.0 = Debug|Any CPU
		{F225B810-8F81-4131-B613-942B66EB22E5}.Debug|x86.ActiveCfg = Debug|Any CPU
		{F225B810-8F81-4131-B613-942B66EB22E5}.Debug|x86.Build.0 = Debug|Any CPU
		{F225B810-8F81-4131-B613-942B66EB22E5}.Release|Any CPU.ActiveCfg = Release|Any CPU
		{F225B810-8F81-4131-B613-942B66EB22E5}.Release|Any CPU.Build.0 = Release|Any CPU
		{F225B810-8F81-4131-B613-942B66EB22E5}.Release|ARM.ActiveCfg = Release|Any CPU
		{F225B810-8F81-4131-B613-942B66EB22E5}.Release|ARM.Build.0 = Release|Any CPU
		{F225B810-8F81-4131-B613-942B66EB22E5}.Release|ARM64.ActiveCfg = Release|Any CPU
		{F225B810-8F81-4131-B613-942B66EB22E5}.Release|ARM64.Build.0 = Release|Any CPU
		{F225B810-8F81-4131-B613-942B66EB22E5}.Release|x64.ActiveCfg = Release|Any CPU
		{F225B810-8F81-4131-B613-942B66EB22E5}.Release|x64.Build.0 = Release|Any CPU
		{F225B810-8F81-4131-B613-942B66EB22E5}.Release|x86.ActiveCfg = Release|Any CPU
		{F225B810-8F81-4131-B613-942B66EB22E5}.Release|x86.Build.0 = Release|Any CPU
		{96E440B3-4BEE-494F-B016-C16AEF392E99}.Debug|Any CPU.ActiveCfg = Debug|Any CPU
		{96E440B3-4BEE-494F-B016-C16AEF392E99}.Debug|Any CPU.Build.0 = Debug|Any CPU
		{96E440B3-4BEE-494F-B016-C16AEF392E99}.Debug|ARM.ActiveCfg = Debug|Any CPU
		{96E440B3-4BEE-494F-B016-C16AEF392E99}.Debug|ARM.Build.0 = Debug|Any CPU
		{96E440B3-4BEE-494F-B016-C16AEF392E99}.Debug|ARM64.ActiveCfg = Debug|Any CPU
		{96E440B3-4BEE-494F-B016-C16AEF392E99}.Debug|ARM64.Build.0 = Debug|Any CPU
		{96E440B3-4BEE-494F-B016-C16AEF392E99}.Debug|x64.ActiveCfg = Debug|Any CPU
		{96E440B3-4BEE-494F-B016-C16AEF392E99}.Debug|x64.Build.0 = Debug|Any CPU
		{96E440B3-4BEE-494F-B016-C16AEF392E99}.Debug|x86.ActiveCfg = Debug|Any CPU
		{96E440B3-4BEE-494F-B016-C16AEF392E99}.Debug|x86.Build.0 = Debug|Any CPU
		{96E440B3-4BEE-494F-B016-C16AEF392E99}.Release|Any CPU.ActiveCfg = Release|Any CPU
		{96E440B3-4BEE-494F-B016-C16AEF392E99}.Release|Any CPU.Build.0 = Release|Any CPU
		{96E440B3-4BEE-494F-B016-C16AEF392E99}.Release|ARM.ActiveCfg = Release|Any CPU
		{96E440B3-4BEE-494F-B016-C16AEF392E99}.Release|ARM.Build.0 = Release|Any CPU
		{96E440B3-4BEE-494F-B016-C16AEF392E99}.Release|ARM64.ActiveCfg = Release|Any CPU
		{96E440B3-4BEE-494F-B016-C16AEF392E99}.Release|ARM64.Build.0 = Release|Any CPU
		{96E440B3-4BEE-494F-B016-C16AEF392E99}.Release|x64.ActiveCfg = Release|Any CPU
		{96E440B3-4BEE-494F-B016-C16AEF392E99}.Release|x64.Build.0 = Release|Any CPU
		{96E440B3-4BEE-494F-B016-C16AEF392E99}.Release|x86.ActiveCfg = Release|Any CPU
		{96E440B3-4BEE-494F-B016-C16AEF392E99}.Release|x86.Build.0 = Release|Any CPU
		{2D4C7BA7-0EB1-4A6F-8435-DBDF1DD2EA89}.Debug|Any CPU.ActiveCfg = Debug|Any CPU
		{2D4C7BA7-0EB1-4A6F-8435-DBDF1DD2EA89}.Debug|Any CPU.Build.0 = Debug|Any CPU
		{2D4C7BA7-0EB1-4A6F-8435-DBDF1DD2EA89}.Debug|ARM.ActiveCfg = Debug|Any CPU
		{2D4C7BA7-0EB1-4A6F-8435-DBDF1DD2EA89}.Debug|ARM.Build.0 = Debug|Any CPU
		{2D4C7BA7-0EB1-4A6F-8435-DBDF1DD2EA89}.Debug|ARM64.ActiveCfg = Debug|Any CPU
		{2D4C7BA7-0EB1-4A6F-8435-DBDF1DD2EA89}.Debug|ARM64.Build.0 = Debug|Any CPU
		{2D4C7BA7-0EB1-4A6F-8435-DBDF1DD2EA89}.Debug|x64.ActiveCfg = Debug|Any CPU
		{2D4C7BA7-0EB1-4A6F-8435-DBDF1DD2EA89}.Debug|x64.Build.0 = Debug|Any CPU
		{2D4C7BA7-0EB1-4A6F-8435-DBDF1DD2EA89}.Debug|x86.ActiveCfg = Debug|Any CPU
		{2D4C7BA7-0EB1-4A6F-8435-DBDF1DD2EA89}.Debug|x86.Build.0 = Debug|Any CPU
		{2D4C7BA7-0EB1-4A6F-8435-DBDF1DD2EA89}.Release|Any CPU.ActiveCfg = Debug|Any CPU
		{2D4C7BA7-0EB1-4A6F-8435-DBDF1DD2EA89}.Release|Any CPU.Build.0 = Debug|Any CPU
		{2D4C7BA7-0EB1-4A6F-8435-DBDF1DD2EA89}.Release|ARM.ActiveCfg = Release|Any CPU
		{2D4C7BA7-0EB1-4A6F-8435-DBDF1DD2EA89}.Release|ARM.Build.0 = Release|Any CPU
		{2D4C7BA7-0EB1-4A6F-8435-DBDF1DD2EA89}.Release|ARM64.ActiveCfg = Release|Any CPU
		{2D4C7BA7-0EB1-4A6F-8435-DBDF1DD2EA89}.Release|ARM64.Build.0 = Release|Any CPU
		{2D4C7BA7-0EB1-4A6F-8435-DBDF1DD2EA89}.Release|x64.ActiveCfg = Release|Any CPU
		{2D4C7BA7-0EB1-4A6F-8435-DBDF1DD2EA89}.Release|x64.Build.0 = Release|Any CPU
		{2D4C7BA7-0EB1-4A6F-8435-DBDF1DD2EA89}.Release|x86.ActiveCfg = Release|Any CPU
		{2D4C7BA7-0EB1-4A6F-8435-DBDF1DD2EA89}.Release|x86.Build.0 = Release|Any CPU
		{7F6A38F6-3983-4DB4-A888-31689497D3F4}.Debug|Any CPU.ActiveCfg = Debug|Any CPU
		{7F6A38F6-3983-4DB4-A888-31689497D3F4}.Debug|Any CPU.Build.0 = Debug|Any CPU
		{7F6A38F6-3983-4DB4-A888-31689497D3F4}.Debug|ARM.ActiveCfg = Debug|Any CPU
		{7F6A38F6-3983-4DB4-A888-31689497D3F4}.Debug|ARM.Build.0 = Debug|Any CPU
		{7F6A38F6-3983-4DB4-A888-31689497D3F4}.Debug|ARM64.ActiveCfg = Debug|Any CPU
		{7F6A38F6-3983-4DB4-A888-31689497D3F4}.Debug|ARM64.Build.0 = Debug|Any CPU
		{7F6A38F6-3983-4DB4-A888-31689497D3F4}.Debug|x64.ActiveCfg = Debug|Any CPU
		{7F6A38F6-3983-4DB4-A888-31689497D3F4}.Debug|x64.Build.0 = Debug|Any CPU
		{7F6A38F6-3983-4DB4-A888-31689497D3F4}.Debug|x86.ActiveCfg = Debug|Any CPU
		{7F6A38F6-3983-4DB4-A888-31689497D3F4}.Debug|x86.Build.0 = Debug|Any CPU
		{7F6A38F6-3983-4DB4-A888-31689497D3F4}.Release|Any CPU.ActiveCfg = Release|Any CPU
		{7F6A38F6-3983-4DB4-A888-31689497D3F4}.Release|Any CPU.Build.0 = Release|Any CPU
		{7F6A38F6-3983-4DB4-A888-31689497D3F4}.Release|ARM.ActiveCfg = Release|Any CPU
		{7F6A38F6-3983-4DB4-A888-31689497D3F4}.Release|ARM.Build.0 = Release|Any CPU
		{7F6A38F6-3983-4DB4-A888-31689497D3F4}.Release|ARM64.ActiveCfg = Release|Any CPU
		{7F6A38F6-3983-4DB4-A888-31689497D3F4}.Release|ARM64.Build.0 = Release|Any CPU
		{7F6A38F6-3983-4DB4-A888-31689497D3F4}.Release|x64.ActiveCfg = Release|Any CPU
		{7F6A38F6-3983-4DB4-A888-31689497D3F4}.Release|x64.Build.0 = Release|Any CPU
		{7F6A38F6-3983-4DB4-A888-31689497D3F4}.Release|x86.ActiveCfg = Release|Any CPU
		{7F6A38F6-3983-4DB4-A888-31689497D3F4}.Release|x86.Build.0 = Release|Any CPU
		{43525AC7-1B28-4332-8F70-4C9F29A0EE35}.Debug|Any CPU.ActiveCfg = Debug|Any CPU
		{43525AC7-1B28-4332-8F70-4C9F29A0EE35}.Debug|Any CPU.Build.0 = Debug|Any CPU
		{43525AC7-1B28-4332-8F70-4C9F29A0EE35}.Debug|ARM.ActiveCfg = Debug|Any CPU
		{43525AC7-1B28-4332-8F70-4C9F29A0EE35}.Debug|ARM.Build.0 = Debug|Any CPU
		{43525AC7-1B28-4332-8F70-4C9F29A0EE35}.Debug|ARM64.ActiveCfg = Debug|Any CPU
		{43525AC7-1B28-4332-8F70-4C9F29A0EE35}.Debug|ARM64.Build.0 = Debug|Any CPU
		{43525AC7-1B28-4332-8F70-4C9F29A0EE35}.Debug|x64.ActiveCfg = Debug|Any CPU
		{43525AC7-1B28-4332-8F70-4C9F29A0EE35}.Debug|x64.Build.0 = Debug|Any CPU
		{43525AC7-1B28-4332-8F70-4C9F29A0EE35}.Debug|x86.ActiveCfg = Debug|Any CPU
		{43525AC7-1B28-4332-8F70-4C9F29A0EE35}.Debug|x86.Build.0 = Debug|Any CPU
		{43525AC7-1B28-4332-8F70-4C9F29A0EE35}.Release|Any CPU.ActiveCfg = Release|Any CPU
		{43525AC7-1B28-4332-8F70-4C9F29A0EE35}.Release|Any CPU.Build.0 = Release|Any CPU
		{43525AC7-1B28-4332-8F70-4C9F29A0EE35}.Release|ARM.ActiveCfg = Release|Any CPU
		{43525AC7-1B28-4332-8F70-4C9F29A0EE35}.Release|ARM.Build.0 = Release|Any CPU
		{43525AC7-1B28-4332-8F70-4C9F29A0EE35}.Release|ARM64.ActiveCfg = Release|Any CPU
		{43525AC7-1B28-4332-8F70-4C9F29A0EE35}.Release|ARM64.Build.0 = Release|Any CPU
		{43525AC7-1B28-4332-8F70-4C9F29A0EE35}.Release|x64.ActiveCfg = Release|Any CPU
		{43525AC7-1B28-4332-8F70-4C9F29A0EE35}.Release|x64.Build.0 = Release|Any CPU
		{43525AC7-1B28-4332-8F70-4C9F29A0EE35}.Release|x86.ActiveCfg = Release|Any CPU
		{43525AC7-1B28-4332-8F70-4C9F29A0EE35}.Release|x86.Build.0 = Release|Any CPU
		{B515325A-00A5-4137-95E4-AC3C9C298ECF}.Debug|Any CPU.ActiveCfg = Debug|Any CPU
		{B515325A-00A5-4137-95E4-AC3C9C298ECF}.Debug|Any CPU.Build.0 = Debug|Any CPU
		{B515325A-00A5-4137-95E4-AC3C9C298ECF}.Debug|ARM.ActiveCfg = Debug|Any CPU
		{B515325A-00A5-4137-95E4-AC3C9C298ECF}.Debug|ARM.Build.0 = Debug|Any CPU
		{B515325A-00A5-4137-95E4-AC3C9C298ECF}.Debug|ARM64.ActiveCfg = Debug|Any CPU
		{B515325A-00A5-4137-95E4-AC3C9C298ECF}.Debug|ARM64.Build.0 = Debug|Any CPU
		{B515325A-00A5-4137-95E4-AC3C9C298ECF}.Debug|x64.ActiveCfg = Debug|Any CPU
		{B515325A-00A5-4137-95E4-AC3C9C298ECF}.Debug|x64.Build.0 = Debug|Any CPU
		{B515325A-00A5-4137-95E4-AC3C9C298ECF}.Debug|x86.ActiveCfg = Debug|Any CPU
		{B515325A-00A5-4137-95E4-AC3C9C298ECF}.Debug|x86.Build.0 = Debug|Any CPU
		{B515325A-00A5-4137-95E4-AC3C9C298ECF}.Release|Any CPU.ActiveCfg = Release|Any CPU
		{B515325A-00A5-4137-95E4-AC3C9C298ECF}.Release|Any CPU.Build.0 = Release|Any CPU
		{B515325A-00A5-4137-95E4-AC3C9C298ECF}.Release|ARM.ActiveCfg = Release|Any CPU
		{B515325A-00A5-4137-95E4-AC3C9C298ECF}.Release|ARM.Build.0 = Release|Any CPU
		{B515325A-00A5-4137-95E4-AC3C9C298ECF}.Release|ARM64.ActiveCfg = Release|Any CPU
		{B515325A-00A5-4137-95E4-AC3C9C298ECF}.Release|ARM64.Build.0 = Release|Any CPU
		{B515325A-00A5-4137-95E4-AC3C9C298ECF}.Release|x64.ActiveCfg = Release|Any CPU
		{B515325A-00A5-4137-95E4-AC3C9C298ECF}.Release|x64.Build.0 = Release|Any CPU
		{B515325A-00A5-4137-95E4-AC3C9C298ECF}.Release|x86.ActiveCfg = Release|Any CPU
		{B515325A-00A5-4137-95E4-AC3C9C298ECF}.Release|x86.Build.0 = Release|Any CPU
	EndGlobalSection
	GlobalSection(SolutionProperties) = preSolution
		HideSolutionNode = FALSE
	EndGlobalSection
	GlobalSection(ExtensibilityGlobals) = postSolution
		SolutionGuid = {43EE0825-569F-411F-9AAF-C4C4BDB18E32}
	EndGlobalSection
EndGlobal
